
Microsoft Visual Studio Solution File, Format Version 12.00
# Visual Studio 15
VisualStudioVersion = 15.0.26430.16
MinimumVisualStudioVersion = 10.0.40219.1
Project("{FAE04EC0-301F-11D3-BF4B-00C04F79EFBC}") = "NUISlideshow", "NUISlideshow\NUISlideshow.csproj", "{E7B802F2-1C2F-4DA1-A9C2-B62101948537}"
EndProject
Global
	GlobalSection(SolutionConfigurationPlatforms) = preSolution
		Debug|Any CPU = Debug|Any CPU
		Release|Any CPU = Release|Any CPU
	EndGlobalSection
	GlobalSection(ProjectConfigurationPlatforms) = postSolution
		{E7B802F2-1C2F-4DA1-A9C2-B62101948537}.Debug|Any CPU.ActiveCfg = Debug|Any CPU
		{E7B802F2-1C2F-4DA1-A9C2-B62101948537}.Debug|Any CPU.Build.0 = Debug|Any CPU
		{E7B802F2-1C2F-4DA1-A9C2-B62101948537}.Release|Any CPU.ActiveCfg = Release|Any CPU
		{E7B802F2-1C2F-4DA1-A9C2-B62101948537}.Release|Any CPU.Build.0 = Release|Any CPU
	EndGlobalSection
	GlobalSection(SolutionProperties) = preSolution
		HideSolutionNode = FALSE
	EndGlobalSection
EndGlobal
